// !$*UTF8*$!
{
	archiveVersion = 1;
	classes = {
	};
	objectVersion = 77;
	objects = {

/* Begin PBXContainerItemProxy section */
		00FAC3472DA8813900C5EFB9 /* PBXContainerItemProxy */ = {
			isa = PBXContainerItemProxy;
			containerPortal = 00FAC32E2DA8813700C5EFB9 /* Project object */;
			proxyType = 1;
			remoteGlobalIDString = 00FAC3352DA8813700C5EFB9;
			remoteInfo = "Vacuna-T";
		};
		00FAC3512DA8813900C5EFB9 /* PBXContainerItemProxy */ = {
			isa = PBXContainerItemProxy;
			containerPortal = 00FAC32E2DA8813700C5EFB9 /* Project object */;
			proxyType = 1;
			remoteGlobalIDString = 00FAC3352DA8813700C5EFB9;
			remoteInfo = "Vacuna-T";
		};
/* End PBXContainerItemProxy section */

/* Begin PBXFileReference section */
		00FAC3362DA8813700C5EFB9 /* Vacuna-T.app */ = {isa = PBXFileReference; explicitFileType = wrapper.application; includeInIndex = 0; path = "Vacuna-T.app"; sourceTree = BUILT_PRODUCTS_DIR; };
		00FAC3462DA8813900C5EFB9 /* Vacuna-TTests.xctest */ = {isa = PBXFileReference; explicitFileType = wrapper.cfbundle; includeInIndex = 0; path = "Vacuna-TTests.xctest"; sourceTree = BUILT_PRODUCTS_DIR; };
		00FAC3502DA8813900C5EFB9 /* Vacuna-TUITests.xctest */ = {isa = PBXFileReference; explicitFileType = wrapper.cfbundle; includeInIndex = 0; path = "Vacuna-TUITests.xctest"; sourceTree = BUILT_PRODUCTS_DIR; };
/* End PBXFileReference section */

/* Begin PBXFileSystemSynchronizedRootGroup section */
		00FAC3382DA8813700C5EFB9 /* Vacuna-T */ = {
			isa = PBXFileSystemSynchronizedRootGroup;
			path = "Vacuna-T";
			sourceTree = "<group>";
		};
		00FAC3492DA8813900C5EFB9 /* Vacuna-TTests */ = {
			isa = PBXFileSystemSynchronizedRootGroup;
			path = "Vacuna-TTests";
			sourceTree = "<group>";
		};
		00FAC3532DA8813900C5EFB9 /* Vacuna-TUITests */ = {
			isa = PBXFileSystemSynchronizedRootGroup;
			path = "Vacuna-TUITests";
			sourceTree = "<group>";
		};
/* End PBXFileSystemSynchronizedRootGroup section */

/* Begin PBXFrameworksBuildPhase section */
		00FAC3332DA8813700C5EFB9 /* Frameworks */ = {
			isa = PBXFrameworksBuildPhase;
			buildActionMask = 2147483647;
			files = (
			);
			runOnlyForDeploymentPostprocessing = 0;
		};
		00FAC3432DA8813900C5EFB9 /* Frameworks */ = {
			isa = PBXFrameworksBuildPhase;
			buildActionMask = 2147483647;
			files = (
			);
			runOnlyForDeploymentPostprocessing = 0;
		};
		00FAC34D2DA8813900C5EFB9 /* Frameworks */ = {
			isa = PBXFrameworksBuildPhase;
			buildActionMask = 2147483647;
			files = (
			);
			runOnlyForDeploymentPostprocessing = 0;
		};
/* End PBXFrameworksBuildPhase section */

/* Begin PBXGroup section */
		00FAC32D2DA8813700C5EFB9 = {
			isa = PBXGroup;
			children = (
				00FAC3382DA8813700C5EFB9 /* Vacuna-T */,
				00FAC3492DA8813900C5EFB9 /* Vacuna-TTests */,
				00FAC3532DA8813900C5EFB9 /* Vacuna-TUITests */,
				00FAC3372DA8813700C5EFB9 /* Products */,
			);
			sourceTree = "<group>";
		};
		00FAC3372DA8813700C5EFB9 /* Products */ = {
			isa = PBXGroup;
			children = (
				00FAC3362DA8813700C5EFB9 /* Vacuna-T.app */,
				00FAC3462DA8813900C5EFB9 /* Vacuna-TTests.xctest */,
				00FAC3502DA8813900C5EFB9 /* Vacuna-TUITests.xctest */,
			);
			name = Products;
			sourceTree = "<group>";
		};
/* End PBXGroup section */

/* Begin PBXNativeTarget section */
		00FAC3352DA8813700C5EFB9 /* Vacuna-T */ = {
			isa = PBXNativeTarget;
			buildConfigurationList = 00FAC35A2DA8813900C5EFB9 /* Build configuration list for PBXNativeTarget "Vacuna-T" */;
			buildPhases = (
				00FAC3322DA8813700C5EFB9 /* Sources */,
				00FAC3332DA8813700C5EFB9 /* Frameworks */,
				00FAC3342DA8813700C5EFB9 /* Resources */,
			);
			buildRules = (
			);
			dependencies = (
			);
			fileSystemSynchronizedGroups = (
				00FAC3382DA8813700C5EFB9 /* Vacuna-T */,
			);
			name = "Vacuna-T";
			packageProductDependencies = (
			);
			productName = "Vacuna-T";
			productReference = 00FAC3362DA8813700C5EFB9 /* Vacuna-T.app */;
			productType = "com.apple.product-type.application";
		};
		00FAC3452DA8813900C5EFB9 /* Vacuna-TTests */ = {
			isa = PBXNativeTarget;
			buildConfigurationList = 00FAC35D2DA8813900C5EFB9 /* Build configuration list for PBXNativeTarget "Vacuna-TTests" */;
			buildPhases = (
				00FAC3422DA8813900C5EFB9 /* Sources */,
				00FAC3432DA8813900C5EFB9 /* Frameworks */,
				00FAC3442DA8813900C5EFB9 /* Resources */,
			);
			buildRules = (
			);
			dependencies = (
				00FAC3482DA8813900C5EFB9 /* PBXTargetDependency */,
			);
			fileSystemSynchronizedGroups = (
				00FAC3492DA8813900C5EFB9 /* Vacuna-TTests */,
			);
			name = "Vacuna-TTests";
			packageProductDependencies = (
			);
			productName = "Vacuna-TTests";
			productReference = 00FAC3462DA8813900C5EFB9 /* Vacuna-TTests.xctest */;
			productType = "com.apple.product-type.bundle.unit-test";
		};
		00FAC34F2DA8813900C5EFB9 /* Vacuna-TUITests */ = {
			isa = PBXNativeTarget;
			buildConfigurationList = 00FAC3602DA8813900C5EFB9 /* Build configuration list for PBXNativeTarget "Vacuna-TUITests" */;
			buildPhases = (
				00FAC34C2DA8813900C5EFB9 /* Sources */,
				00FAC34D2DA8813900C5EFB9 /* Frameworks */,
				00FAC34E2DA8813900C5EFB9 /* Resources */,
			);
			buildRules = (
			);
			dependencies = (
				00FAC3522DA8813900C5EFB9 /* PBXTargetDependency */,
			);
			fileSystemSynchronizedGroups = (
				00FAC3532DA8813900C5EFB9 /* Vacuna-TUITests */,
			);
			name = "Vacuna-TUITests";
			packageProductDependencies = (
			);
			productName = "Vacuna-TUITests";
			productReference = 00FAC3502DA8813900C5EFB9 /* Vacuna-TUITests.xctest */;
			productType = "com.apple.product-type.bundle.ui-testing";
		};
/* End PBXNativeTarget section */

/* Begin PBXProject section */
		00FAC32E2DA8813700C5EFB9 /* Project object */ = {
			isa = PBXProject;
			attributes = {
				BuildIndependentTargetsInParallel = 1;
				LastSwiftUpdateCheck = 1620;
				LastUpgradeCheck = 1620;
				TargetAttributes = {
					00FAC3352DA8813700C5EFB9 = {
						CreatedOnToolsVersion = 16.2;
					};
					00FAC3452DA8813900C5EFB9 = {
						CreatedOnToolsVersion = 16.2;
						TestTargetID = 00FAC3352DA8813700C5EFB9;
					};
					00FAC34F2DA8813900C5EFB9 = {
						CreatedOnToolsVersion = 16.2;
						TestTargetID = 00FAC3352DA8813700C5EFB9;
					};
				};
			};
			buildConfigurationList = 00FAC3312DA8813700C5EFB9 /* Build configuration list for PBXProject "Vacuna-T" */;
			developmentRegion = en;
			hasScannedForEncodings = 0;
			knownRegions = (
				en,
				Base,
			);
			mainGroup = 00FAC32D2DA8813700C5EFB9;
			minimizedProjectReferenceProxies = 1;
			preferredProjectObjectVersion = 77;
			productRefGroup = 00FAC3372DA8813700C5EFB9 /* Products */;
			projectDirPath = "";
			projectRoot = "";
			targets = (
				00FAC3352DA8813700C5EFB9 /* Vacuna-T */,
				00FAC3452DA8813900C5EFB9 /* Vacuna-TTests */,
				00FAC34F2DA8813900C5EFB9 /* Vacuna-TUITests */,
			);
		};
/* End PBXProject section */

/* Begin PBXResourcesBuildPhase section */
		00FAC3342DA8813700C5EFB9 /* Resources */ = {
			isa = PBXResourcesBuildPhase;
			buildActionMask = 2147483647;
			files = (
			);
			runOnlyForDeploymentPostprocessing = 0;
		};
		00FAC3442DA8813900C5EFB9 /* Resources */ = {
			isa = PBXResourcesBuildPhase;
			buildActionMask = 2147483647;
			files = (
			);
			runOnlyForDeploymentPostprocessing = 0;
		};
		00FAC34E2DA8813900C5EFB9 /* Resources */ = {
			isa = PBXResourcesBuildPhase;
			buildActionMask = 2147483647;
			files = (
			);
			runOnlyForDeploymentPostprocessing = 0;
		};
/* End PBXResourcesBuildPhase section */

/* Begin PBXSourcesBuildPhase section */
		00FAC3322DA8813700C5EFB9 /* Sources */ = {
			isa = PBXSourcesBuildPhase;
			buildActionMask = 2147483647;
			files = (
			);
			runOnlyForDeploymentPostprocessing = 0;
		};
		00FAC3422DA8813900C5EFB9 /* Sources */ = {
			isa = PBXSourcesBuildPhase;
			buildActionMask = 2147483647;
			files = (
			);
			runOnlyForDeploymentPostprocessing = 0;
		};
		00FAC34C2DA8813900C5EFB9 /* Sources */ = {
			isa = PBXSourcesBuildPhase;
			buildActionMask = 2147483647;
			files = (
			);
			runOnlyForDeploymentPostprocessing = 0;
		};
/* End PBXSourcesBuildPhase section */

/* Begin PBXTargetDependency section */
		00FAC3482DA8813900C5EFB9 /* PBXTargetDependency */ = {
			isa = PBXTargetDependency;
			target = 00FAC3352DA8813700C5EFB9 /* Vacuna-T */;
			targetProxy = 00FAC3472DA8813900C5EFB9 /* PBXContainerItemProxy */;
		};
		00FAC3522DA8813900C5EFB9 /* PBXTargetDependency */ = {
			isa = PBXTargetDependency;
			target = 00FAC3352DA8813700C5EFB9 /* Vacuna-T */;
			targetProxy = 00FAC3512DA8813900C5EFB9 /* PBXContainerItemProxy */;
		};
/* End PBXTargetDependency section */

/* Begin XCBuildConfiguration section */
		00FAC3582DA8813900C5EFB9 /* Debug */ = {
			isa = XCBuildConfiguration;
			buildSettings = {
				ALWAYS_SEARCH_USER_PATHS = NO;
				ASSETCATALOG_COMPILER_GENERATE_SWIFT_ASSET_SYMBOL_EXTENSIONS = YES;
				CLANG_ANALYZER_NONNULL = YES;
				CLANG_ANALYZER_NUMBER_OBJECT_CONVERSION = YES_AGGRESSIVE;
				CLANG_CXX_LANGUAGE_STANDARD = "gnu++20";
				CLANG_ENABLE_MODULES = YES;
				CLANG_ENABLE_OBJC_ARC = YES;
				CLANG_ENABLE_OBJC_WEAK = YES;
				CLANG_WARN_BLOCK_CAPTURE_AUTORELEASING = YES;
				CLANG_WARN_BOOL_CONVERSION = YES;
				CLANG_WARN_COMMA = YES;
				CLANG_WARN_CONSTANT_CONVERSION = YES;
				CLANG_WARN_DEPRECATED_OBJC_IMPLEMENTATIONS = YES;
				CLANG_WARN_DIRECT_OBJC_ISA_USAGE = YES_ERROR;
				CLANG_WARN_DOCUMENTATION_COMMENTS = YES;
				CLANG_WARN_EMPTY_BODY = YES;
				CLANG_WARN_ENUM_CONVERSION = YES;
				CLANG_WARN_INFINITE_RECURSION = YES;
				CLANG_WARN_INT_CONVERSION = YES;
				CLANG_WARN_NON_LITERAL_NULL_CONVERSION = YES;
				CLANG_WARN_OBJC_IMPLICIT_RETAIN_SELF = YES;
				CLANG_WARN_OBJC_LITERAL_CONVERSION = YES;
				CLANG_WARN_OBJC_ROOT_CLASS = YES_ERROR;
				CLANG_WARN_QUOTED_INCLUDE_IN_FRAMEWORK_HEADER = YES;
				CLANG_WARN_RANGE_LOOP_ANALYSIS = YES;
				CLANG_WARN_STRICT_PROTOTYPES = YES;
				CLANG_WARN_SUSPICIOUS_MOVE = YES;
				CLANG_WARN_UNGUARDED_AVAILABILITY = YES_AGGRESSIVE;
				CLANG_WARN_UNREACHABLE_CODE = YES;
				CLANG_WARN__DUPLICATE_METHOD_MATCH = YES;
				COPY_PHASE_STRIP = NO;
				DEBUG_INFORMATION_FORMAT = dwarf;
				ENABLE_STRICT_OBJC_MSGSEND = YES;
				ENABLE_TESTABILITY = YES;
				ENABLE_USER_SCRIPT_SANDBOXING = YES;
				GCC_C_LANGUAGE_STANDARD = gnu17;
				GCC_DYNAMIC_NO_PIC = NO;
				GCC_NO_COMMON_BLOCKS = YES;
				GCC_OPTIMIZATION_LEVEL = 0;
				GCC_PREPROCESSOR_DEFINITIONS = (
					"DEBUG=1",
					"$(inherited)",
				);
				GCC_WARN_64_TO_32_BIT_CONVERSION = YES;
				GCC_WARN_ABOUT_RETURN_TYPE = YES_ERROR;
				GCC_WARN_UNDECLARED_SELECTOR = YES;
				GCC_WARN_UNINITIALIZED_AUTOS = YES_AGGRESSIVE;
				GCC_WARN_UNUSED_FUNCTION = YES;
				GCC_WARN_UNUSED_VARIABLE = YES;
				IPHONEOS_DEPLOYMENT_TARGET = 18.2;
				LOCALIZATION_PREFERS_STRING_CATALOGS = YES;
				MTL_ENABLE_DEBUG_INFO = INCLUDE_SOURCE;
				MTL_FAST_MATH = YES;
				ONLY_ACTIVE_ARCH = YES;
				SDKROOT = iphoneos;
				SWIFT_ACTIVE_COMPILATION_CONDITIONS = "DEBUG $(inherited)";
				SWIFT_OPTIMIZATION_LEVEL = "-Onone";
			};
			name = Debug;
		};
		00FAC3592DA8813900C5EFB9 /* Release */ = {
			isa = XCBuildConfiguration;
			buildSettings = {
				ALWAYS_SEARCH_USER_PATHS = NO;
				ASSETCATALOG_COMPILER_GENERATE_SWIFT_ASSET_SYMBOL_EXTENSIONS = YES;
				CLANG_ANALYZER_NONNULL = YES;
				CLANG_ANALYZER_NUMBER_OBJECT_CONVERSION = YES_AGGRESSIVE;
				CLANG_CXX_LANGUAGE_STANDARD = "gnu++20";
				CLANG_ENABLE_MODULES = YES;
				CLANG_ENABLE_OBJC_ARC = YES;
				CLANG_ENABLE_OBJC_WEAK = YES;
				CLANG_WARN_BLOCK_CAPTURE_AUTORELEASING = YES;
				CLANG_WARN_BOOL_CONVERSION = YES;
				CLANG_WARN_COMMA = YES;
				CLANG_WARN_CONSTANT_CONVERSION = YES;
				CLANG_WARN_DEPRECATED_OBJC_IMPLEMENTATIONS = YES;
				CLANG_WARN_DIRECT_OBJC_ISA_USAGE = YES_ERROR;
				CLANG_WARN_DOCUMENTATION_COMMENTS = YES;
				CLANG_WARN_EMPTY_BODY = YES;
				CLANG_WARN_ENUM_CONVERSION = YES;
				CLANG_WARN_INFINITE_RECURSION = YES;
				CLANG_WARN_INT_CONVERSION = YES;
				CLANG_WARN_NON_LITERAL_NULL_CONVERSION = YES;
				CLANG_WARN_OBJC_IMPLICIT_RETAIN_SELF = YES;
				CLANG_WARN_OBJC_LITERAL_CONVERSION = YES;
				CLANG_WARN_OBJC_ROOT_CLASS = YES_ERROR;
				CLANG_WARN_QUOTED_INCLUDE_IN_FRAMEWORK_HEADER = YES;
				CLANG_WARN_RANGE_LOOP_ANALYSIS = YES;
				CLANG_WARN_STRICT_PROTOTYPES = YES;
				CLANG_WARN_SUSPICIOUS_MOVE = YES;
				CLANG_WARN_UNGUARDED_AVAILABILITY = YES_AGGRESSIVE;
				CLANG_WARN_UNREACHABLE_CODE = YES;
				CLANG_WARN__DUPLICATE_METHOD_MATCH = YES;
				COPY_PHASE_STRIP = NO;
				DEBUG_INFORMATION_FORMAT = "dwarf-with-dsym";
				ENABLE_NS_ASSERTIONS = NO;
				ENABLE_STRICT_OBJC_MSGSEND = YES;
				ENABLE_USER_SCRIPT_SANDBOXING = YES;
				GCC_C_LANGUAGE_STANDARD = gnu17;
				GCC_NO_COMMON_BLOCKS = YES;
				GCC_WARN_64_TO_32_BIT_CONVERSION = YES;
				GCC_WARN_ABOUT_RETURN_TYPE = YES_ERROR;
				GCC_WARN_UNDECLARED_SELECTOR = YES;
				GCC_WARN_UNINITIALIZED_AUTOS = YES_AGGRESSIVE;
				GCC_WARN_UNUSED_FUNCTION = YES;
				GCC_WARN_UNUSED_VARIABLE = YES;
				IPHONEOS_DEPLOYMENT_TARGET = 18.2;
				LOCALIZATION_PREFERS_STRING_CATALOGS = YES;
				MTL_ENABLE_DEBUG_INFO = NO;
				MTL_FAST_MATH = YES;
				SDKROOT = iphoneos;
				SWIFT_COMPILATION_MODE = wholemodule;
				VALIDATE_PRODUCT = YES;
			};
			name = Release;
		};
		00FAC35B2DA8813900C5EFB9 /* Debug */ = {
			isa = XCBuildConfiguration;
			buildSettings = {
				ASSETCATALOG_COMPILER_APPICON_NAME = AppIcon;
				ASSETCATALOG_COMPILER_GLOBAL_ACCENT_COLOR_NAME = AccentColor;
				CODE_SIGN_STYLE = Automatic;
				CURRENT_PROJECT_VERSION = 1;
				DEVELOPMENT_ASSET_PATHS = "\"Vacuna-T/Preview Content\"";
				ENABLE_PREVIEWS = YES;
				GENERATE_INFOPLIST_FILE = YES;
				INFOPLIST_KEY_UIApplicationSceneManifest_Generation = YES;
				INFOPLIST_KEY_UIApplicationSupportsIndirectInputEvents = YES;
				INFOPLIST_KEY_UILaunchScreen_Generation = YES;
				INFOPLIST_KEY_UISupportedInterfaceOrientations_iPad = "UIInterfaceOrientationPortrait UIInterfaceOrientationPortraitUpsideDown UIInterfaceOrientationLandscapeLeft UIInterfaceOrientationLandscapeRight";
				INFOPLIST_KEY_UISupportedInterfaceOrientations_iPhone = "UIInterfaceOrientationPortrait UIInterfaceOrientationLandscapeLeft UIInterfaceOrientationLandscapeRight";
				LD_RUNPATH_SEARCH_PATHS = (
					"$(inherited)",
					"@executable_path/Frameworks",
				);
				MARKETING_VERSION = 1.0;
				PRODUCT_BUNDLE_IDENTIFIER = "com.redlab.learning.Vacuna-T";
				PRODUCT_NAME = "$(TARGET_NAME)";
				SWIFT_EMIT_LOC_STRINGS = YES;
				SWIFT_VERSION = 5.0;
				TARGETED_DEVICE_FAMILY = "1,2";
			};
			name = Debug;
		};
		00FAC35C2DA8813900C5EFB9 /* Release */ = {
			isa = XCBuildConfiguration;
			buildSettings = {
				ASSETCATALOG_COMPILER_APPICON_NAME = AppIcon;
				ASSETCATALOG_COMPILER_GLOBAL_ACCENT_COLOR_NAME = AccentColor;
				CODE_SIGN_STYLE = Automatic;
				CURRENT_PROJECT_VERSION = 1;
				DEVELOPMENT_ASSET_PATHS = "\"Vacuna-T/Preview Content\"";
				ENABLE_PREVIEWS = YES;
				GENERATE_INFOPLIST_FILE = YES;
				INFOPLIST_KEY_UIApplicationSceneManifest_Generation = YES;
				INFOPLIST_KEY_UIApplicationSupportsIndirectInputEvents = YES;
				INFOPLIST_KEY_UILaunchScreen_Generation = YES;
				INFOPLIST_KEY_UISupportedInterfaceOrientations_iPad = "UIInterfaceOrientationPortrait UIInterfaceOrientationPortraitUpsideDown UIInterfaceOrientationLandscapeLeft UIInterfaceOrientationLandscapeRight";
				INFOPLIST_KEY_UISupportedInterfaceOrientations_iPhone = "UIInterfaceOrientationPortrait UIInterfaceOrientationLandscapeLeft UIInterfaceOrientationLandscapeRight";
				LD_RUNPATH_SEARCH_PATHS = (
					"$(inherited)",
					"@executable_path/Frameworks",
				);
				MARKETING_VERSION = 1.0;
				PRODUCT_BUNDLE_IDENTIFIER = "com.redlab.learning.Vacuna-T";
				PRODUCT_NAME = "$(TARGET_NAME)";
				SWIFT_EMIT_LOC_STRINGS = YES;
				SWIFT_VERSION = 5.0;
				TARGETED_DEVICE_FAMILY = "1,2";
			};
			name = Release;
		};
		00FAC35E2DA8813900C5EFB9 /* Debug */ = {
			isa = XCBuildConfiguration;
			buildSettings = {
				BUNDLE_LOADER = "$(TEST_HOST)";
				CODE_SIGN_STYLE = Automatic;
				CURRENT_PROJECT_VERSION = 1;
				GENERATE_INFOPLIST_FILE = YES;
				IPHONEOS_DEPLOYMENT_TARGET = 18.2;
				MARKETING_VERSION = 1.0;
				PRODUCT_BUNDLE_IDENTIFIER = "com.redlab.learning.Vacuna-TTests";
				PRODUCT_NAME = "$(TARGET_NAME)";
				SWIFT_EMIT_LOC_STRINGS = NO;
				SWIFT_VERSION = 5.0;
				TARGETED_DEVICE_FAMILY = "1,2";
				TEST_HOST = "$(BUILT_PRODUCTS_DIR)/Vacuna-T.app/$(BUNDLE_EXECUTABLE_FOLDER_PATH)/Vacuna-T";
			};
			name = Debug;
		};
		00FAC35F2DA8813900C5EFB9 /* Release */ = {
			isa = XCBuildConfiguration;
			buildSettings = {
				BUNDLE_LOADER = "$(TEST_HOST)";
				CODE_SIGN_STYLE = Automatic;
				CURRENT_PROJECT_VERSION = 1;
				GENERATE_INFOPLIST_FILE = YES;
				IPHONEOS_DEPLOYMENT_TARGET = 18.2;
				MARKETING_VERSION = 1.0;
				PRODUCT_BUNDLE_IDENTIFIER = "com.redlab.learning.Vacuna-TTests";
				PRODUCT_NAME = "$(TARGET_NAME)";
				SWIFT_EMIT_LOC_STRINGS = NO;
				SWIFT_VERSION = 5.0;
				TARGETED_DEVICE_FAMILY = "1,2";
				TEST_HOST = "$(BUILT_PRODUCTS_DIR)/Vacuna-T.app/$(BUNDLE_EXECUTABLE_FOLDER_PATH)/Vacuna-T";
			};
			name = Release;
		};
		00FAC3612DA8813900C5EFB9 /* Debug */ = {
			isa = XCBuildConfiguration;
			buildSettings = {
				CODE_SIGN_STYLE = Automatic;
				CURRENT_PROJECT_VERSION = 1;
				GENERATE_INFOPLIST_FILE = YES;
				MARKETING_VERSION = 1.0;
				PRODUCT_BUNDLE_IDENTIFIER = "com.redlab.learning.Vacuna-TUITests";
				PRODUCT_NAME = "$(TARGET_NAME)";
				SWIFT_EMIT_LOC_STRINGS = NO;
				SWIFT_VERSION = 5.0;
				TARGETED_DEVICE_FAMILY = "1,2";
				TEST_TARGET_NAME = "Vacuna-T";
			};
			name = Debug;
		};
		00FAC3622DA8813900C5EFB9 /* Release */ = {
			isa = XCBuildConfiguration;
			buildSettings = {
				CODE_SIGN_STYLE = Automatic;
				CURRENT_PROJECT_VERSION = 1;
				GENERATE_INFOPLIST_FILE = YES;
				MARKETING_VERSION = 1.0;
				PRODUCT_BUNDLE_IDENTIFIER = "com.redlab.learning.Vacuna-TUITests";
				PRODUCT_NAME = "$(TARGET_NAME)";
				SWIFT_EMIT_LOC_STRINGS = NO;
				SWIFT_VERSION = 5.0;
				TARGETED_DEVICE_FAMILY = "1,2";
				TEST_TARGET_NAME = "Vacuna-T";
			};
			name = Release;
		};
/* End XCBuildConfiguration section */

/* Begin XCConfigurationList section */
		00FAC3312DA8813700C5EFB9 /* Build configuration list for PBXProject "Vacuna-T" */ = {
			isa = XCConfigurationList;
			buildConfigurations = (
				00FAC3582DA8813900C5EFB9 /* Debug */,
				00FAC3592DA8813900C5EFB9 /* Release */,
			);
			defaultConfigurationIsVisible = 0;
			defaultConfigurationName = Release;
		};
		00FAC35A2DA8813900C5EFB9 /* Build configuration list for PBXNativeTarget "Vacuna-T" */ = {
			isa = XCConfigurationList;
			buildConfigurations = (
				00FAC35B2DA8813900C5EFB9 /* Debug */,
				00FAC35C2DA8813900C5EFB9 /* Release */,
			);
			defaultConfigurationIsVisible = 0;
			defaultConfigurationName = Release;
		};
		00FAC35D2DA8813900C5EFB9 /* Build configuration list for PBXNativeTarget "Vacuna-TTests" */ = {
			isa = XCConfigurationList;
			buildConfigurations = (
				00FAC35E2DA8813900C5EFB9 /* Debug */,
				00FAC35F2DA8813900C5EFB9 /* Release */,
			);
			defaultConfigurationIsVisible = 0;
			defaultConfigurationName = Release;
		};
		00FAC3602DA8813900C5EFB9 /* Build configuration list for PBXNativeTarget "Vacuna-TUITests" */ = {
			isa = XCConfigurationList;
			buildConfigurations = (
				00FAC3612DA8813900C5EFB9 /* Debug */,
				00FAC3622DA8813900C5EFB9 /* Release */,
			);
			defaultConfigurationIsVisible = 0;
			defaultConfigurationName = Release;
		};
/* End XCConfigurationList section */
	};
	rootObject = 00FAC32E2DA8813700C5EFB9 /* Project object */;
}
